// !$*UTF8*$!
{
	archiveVersion = 1;
	classes = {
	};
	objectVersion = 47;
	objects = {

/* Begin PBXBuildFile section */
		7408CD561DEFA6C6000793CB /* helper.app in Copy Helper App */ = {isa = PBXBuildFile; fileRef = 7408CD4A1DEFA60D000793CB /* helper.app */; settings = {ATTRIBUTES = (RemoveHeadersOnCopy, ); }; };
		742AC1561DEBD2F6005EE2D6 /* CpuinfoDelegate.mm in Sources */ = {isa = PBXBuildFile; fileRef = 74203A0E1B16ADC20087E214 /* CpuinfoDelegate.mm */; };
		742AC1581DEBD2FE005EE2D6 /* main.m in Sources */ = {isa = PBXBuildFile; fileRef = 74203A111B16ADC20087E214 /* main.m */; };
		742AC1591DEBD30A005EE2D6 /* Images.xcassets in Resources */ = {isa = PBXBuildFile; fileRef = 743BD28E1DE2D01A000BA0D1 /* Images.xcassets */; };
		742AC15A1DEBD532005EE2D6 /* MainMenu.xib in Resources */ = {isa = PBXBuildFile; fileRef = 74203A181B16ADD10087E214 /* MainMenu.xib */; };
		746A13781DEF96D800856F96 /* StartAtLoginController.m in Sources */ = {isa = PBXBuildFile; fileRef = 746A13771DEF96D800856F96 /* StartAtLoginController.m */; };
		746A13951DEF9CCD00856F96 /* ServiceManagement.framework in Frameworks */ = {isa = PBXBuildFile; fileRef = 746A13941DEF9CCD00856F96 /* ServiceManagement.framework */; };
		74DC99D1235459F2005D8091 /* CpuinfoImage.mm in Sources */ = {isa = PBXBuildFile; fileRef = 74DC99D0235459F2005D8091 /* CpuinfoImage.mm */; };
		74DC99D42354A7B2005D8091 /* Cpuinfo.cpp in Sources */ = {isa = PBXBuildFile; fileRef = 74DC99D22354A7B2005D8091 /* Cpuinfo.cpp */; };
/* End PBXBuildFile section */

/* Begin PBXContainerItemProxy section */
		7408CD491DEFA60D000793CB /* PBXContainerItemProxy */ = {
			isa = PBXContainerItemProxy;
			containerPortal = 7408CD451DEFA60D000793CB /* helper.xcodeproj */;
			proxyType = 2;
			remoteGlobalIDString = 7408CD311DEFA601000793CB;
			remoteInfo = helper;
		};
/* End PBXContainerItemProxy section */

/* Begin PBXCopyFilesBuildPhase section */
		742AC1551DEBD1E9005EE2D6 /* Embed Frameworks */ = {
			isa = PBXCopyFilesBuildPhase;
			buildActionMask = 2147483647;
			dstPath = "";
			dstSubfolderSpec = 10;
			files = (
			);
			name = "Embed Frameworks";
			runOnlyForDeploymentPostprocessing = 0;
		};
		746A13911DEF996400856F96 /* Copy Helper App */ = {
			isa = PBXCopyFilesBuildPhase;
			buildActionMask = 2147483647;
			dstPath = Contents/Library/LoginItems;
			dstSubfolderSpec = 1;
			files = (
				7408CD561DEFA6C6000793CB /* helper.app in Copy Helper App */,
			);
			name = "Copy Helper App";
			runOnlyForDeploymentPostprocessing = 0;
		};
/* End PBXCopyFilesBuildPhase section */

/* Begin PBXFileReference section */
		1058C7A1FEA54F0111CA2CBB /* Cocoa.framework */ = {isa = PBXFileReference; lastKnownFileType = wrapper.framework; name = Cocoa.framework; path = /System/Library/Frameworks/Cocoa.framework; sourceTree = "<absolute>"; };
		13E42FB307B3F0F600E4EEF1 /* CoreData.framework */ = {isa = PBXFileReference; lastKnownFileType = wrapper.framework; name = CoreData.framework; path = /System/Library/Frameworks/CoreData.framework; sourceTree = "<absolute>"; };
		29B97324FDCFA39411CA2CEA /* AppKit.framework */ = {isa = PBXFileReference; lastKnownFileType = wrapper.framework; name = AppKit.framework; path = /System/Library/Frameworks/AppKit.framework; sourceTree = "<absolute>"; };
		29B97325FDCFA39411CA2CEA /* Foundation.framework */ = {isa = PBXFileReference; lastKnownFileType = wrapper.framework; name = Foundation.framework; path = /System/Library/Frameworks/Foundation.framework; sourceTree = "<absolute>"; };
		7408CD261DEFA5A8000793CB /* cpuinfo.plist */ = {isa = PBXFileReference; fileEncoding = 4; lastKnownFileType = text.plist.xml; path = cpuinfo.plist; sourceTree = "<group>"; };
		7408CD451DEFA60D000793CB /* helper.xcodeproj */ = {isa = PBXFileReference; lastKnownFileType = "wrapper.pb-project"; name = helper.xcodeproj; path = helper/helper.xcodeproj; sourceTree = "<group>"; };
		740BC7191B04DBFE00324CDD /* cpuinfo.xcconfig */ = {isa = PBXFileReference; fileEncoding = 4; lastKnownFileType = text.xcconfig; path = cpuinfo.xcconfig; sourceTree = "<group>"; };
		74203A0D1B16ADC20087E214 /* CpuinfoDelegate.h */ = {isa = PBXFileReference; fileEncoding = 4; lastKnownFileType = sourcecode.c.h; path = CpuinfoDelegate.h; sourceTree = "<group>"; usesTabs = 0; wrapsLines = 0; };
		74203A0E1B16ADC20087E214 /* CpuinfoDelegate.mm */ = {isa = PBXFileReference; fileEncoding = 4; lastKnownFileType = sourcecode.cpp.objcpp; path = CpuinfoDelegate.mm; sourceTree = "<group>"; usesTabs = 0; wrapsLines = 0; };
		74203A111B16ADC20087E214 /* main.m */ = {isa = PBXFileReference; fileEncoding = 4; lastKnownFileType = sourcecode.c.objc; path = main.m; sourceTree = "<group>"; };
		74203A171B16ADD10087E214 /* en */ = {isa = PBXFileReference; lastKnownFileType = text.plist.strings; name = en; path = en.lproj/InfoPlist.strings; sourceTree = "<group>"; };
		74203A191B16ADD10087E214 /* en */ = {isa = PBXFileReference; lastKnownFileType = file.xib; name = en; path = en.lproj/MainMenu.xib; sourceTree = "<group>"; };
		74203A1C1B16ADD20087E214 /* ja */ = {isa = PBXFileReference; lastKnownFileType = text.plist.strings; name = ja; path = ja.lproj/InfoPlist.strings; sourceTree = "<group>"; };
		74203A1D1B16ADD20087E214 /* ja */ = {isa = PBXFileReference; lastKnownFileType = file.xib; name = ja; path = ja.lproj/MainMenu.xib; sourceTree = "<group>"; };
		742AC11F1DEBD150005EE2D6 /* cpuinfo.app */ = {isa = PBXFileReference; explicitFileType = wrapper.application; includeInIndex = 0; path = cpuinfo.app; sourceTree = BUILT_PRODUCTS_DIR; };
		743A38001F68DF0F0003A2DB /* cpuinfo.entitlements */ = {isa = PBXFileReference; lastKnownFileType = text.plist.entitlements; path = cpuinfo.entitlements; sourceTree = "<group>"; };
		743BD28E1DE2D01A000BA0D1 /* Images.xcassets */ = {isa = PBXFileReference; lastKnownFileType = folder.assetcatalog; name = Images.xcassets; path = res/Images.xcassets; sourceTree = "<group>"; };
		746A13761DEF96D800856F96 /* StartAtLoginController.h */ = {isa = PBXFileReference; fileEncoding = 4; lastKnownFileType = sourcecode.c.h; path = StartAtLoginController.h; sourceTree = "<group>"; usesTabs = 0; wrapsLines = 0; };
		746A13771DEF96D800856F96 /* StartAtLoginController.m */ = {isa = PBXFileReference; fileEncoding = 4; lastKnownFileType = sourcecode.c.objc; path = StartAtLoginController.m; sourceTree = "<group>"; usesTabs = 0; wrapsLines = 0; };
		746A13941DEF9CCD00856F96 /* ServiceManagement.framework */ = {isa = PBXFileReference; lastKnownFileType = wrapper.framework; name = ServiceManagement.framework; path = System/Library/Frameworks/ServiceManagement.framework; sourceTree = SDKROOT; };
		74DC99CF235459F2005D8091 /* CpuinfoImage.h */ = {isa = PBXFileReference; lastKnownFileType = sourcecode.c.h; path = CpuinfoImage.h; sourceTree = "<group>"; };
		74DC99D0235459F2005D8091 /* CpuinfoImage.mm */ = {isa = PBXFileReference; lastKnownFileType = sourcecode.cpp.objcpp; path = CpuinfoImage.mm; sourceTree = "<group>"; };
		74DC99D22354A7B2005D8091 /* Cpuinfo.cpp */ = {isa = PBXFileReference; lastKnownFileType = sourcecode.cpp.cpp; path = Cpuinfo.cpp; sourceTree = "<group>"; };
		74DC99D32354A7B2005D8091 /* Cpuinfo.hpp */ = {isa = PBXFileReference; lastKnownFileType = sourcecode.cpp.h; path = Cpuinfo.hpp; sourceTree = "<group>"; };
/* End PBXFileReference section */

/* Begin PBXFrameworksBuildPhase section */
		742AC11C1DEBD150005EE2D6 /* Frameworks */ = {
			isa = PBXFrameworksBuildPhase;
			buildActionMask = 2147483647;
			files = (
				746A13951DEF9CCD00856F96 /* ServiceManagement.framework in Frameworks */,
			);
			runOnlyForDeploymentPostprocessing = 0;
		};
/* End PBXFrameworksBuildPhase section */

/* Begin PBXGroup section */
		19C28FACFE9D520D11CA2CBB /* Products */ = {
			isa = PBXGroup;
			children = (
				742AC11F1DEBD150005EE2D6 /* cpuinfo.app */,
			);
			name = Products;
			sourceTree = "<group>";
		};
		29B97314FDCFA39411CA2CEA /* Cpumeter */ = {
			isa = PBXGroup;
			children = (
				743A38001F68DF0F0003A2DB /* cpuinfo.entitlements */,
				7408CD451DEFA60D000793CB /* helper.xcodeproj */,
				7408CD261DEFA5A8000793CB /* cpuinfo.plist */,
				740BC7191B04DBFE00324CDD /* cpuinfo.xcconfig */,
				74203A161B16ADD10087E214 /* InfoPlist.strings */,
				74203A181B16ADD10087E214 /* MainMenu.xib */,
				743BD28E1DE2D01A000BA0D1 /* Images.xcassets */,
				74203A0B1B16ADC20087E214 /* src */,
				29B97323FDCFA39411CA2CEA /* Frameworks */,
				19C28FACFE9D520D11CA2CBB /* Products */,
			);
			indentWidth = 2;
			name = Cpumeter;
			sourceTree = "<group>";
			tabWidth = 2;
			usesTabs = 0;
		};
		29B97323FDCFA39411CA2CEA /* Frameworks */ = {
			isa = PBXGroup;
			children = (
				29B97324FDCFA39411CA2CEA /* AppKit.framework */,
				13E42FB307B3F0F600E4EEF1 /* CoreData.framework */,
				29B97325FDCFA39411CA2CEA /* Foundation.framework */,
				1058C7A1FEA54F0111CA2CBB /* Cocoa.framework */,
				746A13941DEF9CCD00856F96 /* ServiceManagement.framework */,
			);
			name = Frameworks;
			sourceTree = "<group>";
		};
		7408CD461DEFA60D000793CB /* Products */ = {
			isa = PBXGroup;
			children = (
				7408CD4A1DEFA60D000793CB /* helper.app */,
			);
			name = Products;
			sourceTree = "<group>";
		};
		74203A0B1B16ADC20087E214 /* src */ = {
			isa = PBXGroup;
			children = (
				746A13761DEF96D800856F96 /* StartAtLoginController.h */,
				746A13771DEF96D800856F96 /* StartAtLoginController.m */,
				74203A0D1B16ADC20087E214 /* CpuinfoDelegate.h */,
				74203A0E1B16ADC20087E214 /* CpuinfoDelegate.mm */,
				74203A111B16ADC20087E214 /* main.m */,
				74DC99CF235459F2005D8091 /* CpuinfoImage.h */,
				74DC99D0235459F2005D8091 /* CpuinfoImage.mm */,
				74DC99D32354A7B2005D8091 /* Cpuinfo.hpp */,
				74DC99D22354A7B2005D8091 /* Cpuinfo.cpp */,
			);
			path = src;
			sourceTree = "<group>";
		};
/* End PBXGroup section */

/* Begin PBXNativeTarget section */
		742AC11E1DEBD150005EE2D6 /* cpuinfo */ = {
			isa = PBXNativeTarget;
			buildConfigurationList = 742AC1491DEBD151005EE2D6 /* Build configuration list for PBXNativeTarget "cpuinfo" */;
			buildPhases = (
				742AC11B1DEBD150005EE2D6 /* Sources */,
				742AC11C1DEBD150005EE2D6 /* Frameworks */,
				742AC11D1DEBD150005EE2D6 /* Resources */,
				742AC1551DEBD1E9005EE2D6 /* Embed Frameworks */,
				746A13911DEF996400856F96 /* Copy Helper App */,
			);
			buildRules = (
			);
			dependencies = (
			);
			name = cpuinfo;
			productName = cpuinfo;
			productReference = 742AC11F1DEBD150005EE2D6 /* cpuinfo.app */;
			productType = "com.apple.product-type.application";
		};
/* End PBXNativeTarget section */

/* Begin PBXProject section */
		29B97313FDCFA39411CA2CEA /* Project object */ = {
			isa = PBXProject;
			attributes = {
				CLASSPREFIX = Cpuinfo;
				LastUpgradeCheck = 1110;
				ORGANIZATIONNAME = "Yusuke Shibata";
				TargetAttributes = {
					742AC11E1DEBD150005EE2D6 = {
						CreatedOnToolsVersion = 8.1;
						DevelopmentTeam = 4TZUUASNPN;
						ProvisioningStyle = Automatic;
						SystemCapabilities = {
							com.apple.ApplicationGroups.Mac = {
								enabled = 0;
							};
							com.apple.Sandbox = {
								enabled = 1;
							};
						};
					};
				};
			};
			buildConfigurationList = C01FCF4E08A954540054247B /* Build configuration list for PBXProject "cpuinfo" */;
			compatibilityVersion = "Xcode 6.3";
			developmentRegion = en;
			hasScannedForEncodings = 1;
			knownRegions = (
				ja,
				en,
				Base,
				fr,
				de,
			);
			mainGroup = 29B97314FDCFA39411CA2CEA /* Cpumeter */;
			projectDirPath = "";
			projectReferences = (
				{
					ProductGroup = 7408CD461DEFA60D000793CB /* Products */;
					ProjectRef = 7408CD451DEFA60D000793CB /* helper.xcodeproj */;
				},
			);
			projectRoot = "";
			targets = (
				742AC11E1DEBD150005EE2D6 /* cpuinfo */,
			);
		};
/* End PBXProject section */

/* Begin PBXReferenceProxy section */
		7408CD4A1DEFA60D000793CB /* helper.app */ = {
			isa = PBXReferenceProxy;
			fileType = wrapper.application;
			path = helper.app;
			remoteRef = 7408CD491DEFA60D000793CB /* PBXContainerItemProxy */;
			sourceTree = BUILT_PRODUCTS_DIR;
		};
/* End PBXReferenceProxy section */

/* Begin PBXResourcesBuildPhase section */
		742AC11D1DEBD150005EE2D6 /* Resources */ = {
			isa = PBXResourcesBuildPhase;
			buildActionMask = 2147483647;
			files = (
				742AC1591DEBD30A005EE2D6 /* Images.xcassets in Resources */,
				742AC15A1DEBD532005EE2D6 /* MainMenu.xib in Resources */,
			);
			runOnlyForDeploymentPostprocessing = 0;
		};
/* End PBXResourcesBuildPhase section */

/* Begin PBXSourcesBuildPhase section */
		742AC11B1DEBD150005EE2D6 /* Sources */ = {
			isa = PBXSourcesBuildPhase;
			buildActionMask = 2147483647;
			files = (
				74DC99D1235459F2005D8091 /* CpuinfoImage.mm in Sources */,
				742AC1561DEBD2F6005EE2D6 /* CpuinfoDelegate.mm in Sources */,
				742AC1581DEBD2FE005EE2D6 /* main.m in Sources */,
				74DC99D42354A7B2005D8091 /* Cpuinfo.cpp in Sources */,
				746A13781DEF96D800856F96 /* StartAtLoginController.m in Sources */,
			);
			runOnlyForDeploymentPostprocessing = 0;
		};
/* End PBXSourcesBuildPhase section */

/* Begin PBXVariantGroup section */
		74203A161B16ADD10087E214 /* InfoPlist.strings */ = {
			isa = PBXVariantGroup;
			children = (
				74203A171B16ADD10087E214 /* en */,
				74203A1C1B16ADD20087E214 /* ja */,
			);
			name = InfoPlist.strings;
			path = res;
			sourceTree = "<group>";
		};
		74203A181B16ADD10087E214 /* MainMenu.xib */ = {
			isa = PBXVariantGroup;
			children = (
				74203A191B16ADD10087E214 /* en */,
				74203A1D1B16ADD20087E214 /* ja */,
			);
			name = MainMenu.xib;
			path = res;
			sourceTree = "<group>";
		};
/* End PBXVariantGroup section */

/* Begin XCBuildConfiguration section */
		742AC14A1DEBD151005EE2D6 /* Debug */ = {
			isa = XCBuildConfiguration;
			baseConfigurationReference = 740BC7191B04DBFE00324CDD /* cpuinfo.xcconfig */;
			buildSettings = {
				ALWAYS_SEARCH_USER_PATHS = NO;
				ASSETCATALOG_COMPILER_APPICON_NAME = AppIcon;
				CLANG_CXX_LANGUAGE_STANDARD = "gnu++0x";
				CLANG_CXX_LIBRARY = "libc++";
				CLANG_ENABLE_MODULES = YES;
				CLANG_ENABLE_OBJC_ARC = YES;
				CODE_SIGN_ENTITLEMENTS = cpuinfo.entitlements;
				CODE_SIGN_IDENTITY = "Apple Development";
				COMBINE_HIDPI_IMAGES = YES;
				COPY_PHASE_STRIP = NO;
				CURRENT_PROJECT_VERSION = 230;
				DEBUG_INFORMATION_FORMAT = dwarf;
				DEVELOPMENT_TEAM = 4TZUUASNPN;
				ENABLE_HARDENED_RUNTIME = YES;
				FRAMEWORK_SEARCH_PATHS = (
					"$(inherited)",
					"$(PROJECT_DIR)",
				);
				GCC_PREPROCESSOR_DEFINITIONS = (
					"DEBUG=1",
					"$(inherited)",
				);
				HEADER_SEARCH_PATHS = "\"$(SRCROOT)/Updater.framework/Headers\"";
				INFOPLIST_FILE = "$(SRCROOT)/cpuinfo.plist";
				LD_RUNPATH_SEARCH_PATHS = "$(inherited) @executable_path/../Frameworks";
				MARKETING_VERSION = 1.4.7;
				PRODUCT_BUNDLE_IDENTIFIER = io.fata.shibata.cpuinfo;
				PRODUCT_NAME = "$(TARGET_NAME)";
				PROVISIONING_PROFILE_SPECIFIER = "";
				SDKROOT = macosx;
			};
			name = Debug;
		};
		742AC14B1DEBD151005EE2D6 /* Release */ = {
			isa = XCBuildConfiguration;
			baseConfigurationReference = 740BC7191B04DBFE00324CDD /* cpuinfo.xcconfig */;
			buildSettings = {
				ALWAYS_SEARCH_USER_PATHS = NO;
				ASSETCATALOG_COMPILER_APPICON_NAME = AppIcon;
				CLANG_CXX_LANGUAGE_STANDARD = "gnu++0x";
				CLANG_CXX_LIBRARY = "libc++";
				CLANG_ENABLE_MODULES = YES;
				CLANG_ENABLE_OBJC_ARC = YES;
				CODE_SIGN_ENTITLEMENTS = cpuinfo.entitlements;
				CODE_SIGN_IDENTITY = "Apple Development";
				COMBINE_HIDPI_IMAGES = YES;
				COPY_PHASE_STRIP = NO;
				CURRENT_PROJECT_VERSION = 230;
				DEBUG_INFORMATION_FORMAT = "dwarf-with-dsym";
				DEVELOPMENT_TEAM = 4TZUUASNPN;
				ENABLE_HARDENED_RUNTIME = YES;
				ENABLE_NS_ASSERTIONS = NO;
				FRAMEWORK_SEARCH_PATHS = (
					"$(inherited)",
					"$(PROJECT_DIR)",
				);
				HEADER_SEARCH_PATHS = "\"$(SRCROOT)/Updater.framework/Headers\"";
				INFOPLIST_FILE = "$(SRCROOT)/cpuinfo.plist";
				LD_RUNPATH_SEARCH_PATHS = "$(inherited) @executable_path/../Frameworks";
				MARKETING_VERSION = 1.4.7;
				PRODUCT_BUNDLE_IDENTIFIER = io.fata.shibata.cpuinfo;
				PRODUCT_NAME = "$(TARGET_NAME)";
				PROVISIONING_PROFILE_SPECIFIER = "";
				SDKROOT = macosx;
			};
			name = Release;
		};
		C01FCF4F08A954540054247B /* Debug */ = {
			isa = XCBuildConfiguration;
			baseConfigurationReference = 740BC7191B04DBFE00324CDD /* cpuinfo.xcconfig */;
			buildSettings = {
				ENABLE_TESTABILITY = YES;
				GCC_C_LANGUAGE_STANDARD = gnu99;
				GCC_NO_COMMON_BLOCKS = YES;
				GCC_OPTIMIZATION_LEVEL = 0;
				INFOPLIST_FILE = "";
				MACOSX_DEPLOYMENT_TARGET = 10.7;
				ONLY_ACTIVE_ARCH = YES;
				SDKROOT = macosx;
			};
			name = Debug;
		};
		C01FCF5008A954540054247B /* Release */ = {
			isa = XCBuildConfiguration;
			baseConfigurationReference = 740BC7191B04DBFE00324CDD /* cpuinfo.xcconfig */;
			buildSettings = {
				GCC_C_LANGUAGE_STANDARD = gnu99;
				GCC_NO_COMMON_BLOCKS = YES;
				INFOPLIST_FILE = "";
				MACOSX_DEPLOYMENT_TARGET = 10.7;
				SDKROOT = macosx;
			};
			name = Release;
		};
/* End XCBuildConfiguration section */

/* Begin XCConfigurationList section */
		742AC1491DEBD151005EE2D6 /* Build configuration list for PBXNativeTarget "cpuinfo" */ = {
			isa = XCConfigurationList;
			buildConfigurations = (
				742AC14A1DEBD151005EE2D6 /* Debug */,
				742AC14B1DEBD151005EE2D6 /* Release */,
			);
			defaultConfigurationIsVisible = 0;
			defaultConfigurationName = Release;
		};
		C01FCF4E08A954540054247B /* Build configuration list for PBXProject "cpuinfo" */ = {
			isa = XCConfigurationList;
			buildConfigurations = (
				C01FCF4F08A954540054247B /* Debug */,
				C01FCF5008A954540054247B /* Release */,
			);
			defaultConfigurationIsVisible = 0;
			defaultConfigurationName = Release;
		};
/* End XCConfigurationList section */
	};
	rootObject = 29B97313FDCFA39411CA2CEA /* Project object */;
}
