// !$*UTF8*$!
{
	archiveVersion = 1;
	classes = {
	};
	objectVersion = 47;
	objects = {

/* Begin PBXBuildFile section */
		74203A121B16ADC20087E214 /* CpumeterDelegate.m in Sources */ = {isa = PBXBuildFile; fileRef = 74203A0E1B16ADC20087E214 /* CpumeterDelegate.m */; };
		74203A131B16ADC20087E214 /* CpumeterUpdater.m in Sources */ = {isa = PBXBuildFile; fileRef = 74203A101B16ADC20087E214 /* CpumeterUpdater.m */; };
		74203A141B16ADC20087E214 /* main.m in Sources */ = {isa = PBXBuildFile; fileRef = 74203A111B16ADC20087E214 /* main.m */; };
		74203A1E1B16ADD20087E214 /* InfoPlist.strings in Resources */ = {isa = PBXBuildFile; fileRef = 74203A161B16ADD10087E214 /* InfoPlist.strings */; };
		74203A1F1B16ADD20087E214 /* MainMenu.xib in Resources */ = {isa = PBXBuildFile; fileRef = 74203A181B16ADD10087E214 /* MainMenu.xib */; };
		74A1145E1B1C20F7008193B1 /* icon.icns in Resources */ = {isa = PBXBuildFile; fileRef = 74A1145D1B1C20F7008193B1 /* icon.icns */; };
		8D11072F0486CEB800E47090 /* Cocoa.framework in Frameworks */ = {isa = PBXBuildFile; fileRef = 1058C7A1FEA54F0111CA2CBB /* Cocoa.framework */; };
/* End PBXBuildFile section */

/* Begin PBXFileReference section */
		1058C7A1FEA54F0111CA2CBB /* Cocoa.framework */ = {isa = PBXFileReference; lastKnownFileType = wrapper.framework; name = Cocoa.framework; path = /System/Library/Frameworks/Cocoa.framework; sourceTree = "<absolute>"; };
		13E42FB307B3F0F600E4EEF1 /* CoreData.framework */ = {isa = PBXFileReference; lastKnownFileType = wrapper.framework; name = CoreData.framework; path = /System/Library/Frameworks/CoreData.framework; sourceTree = "<absolute>"; };
		29B97324FDCFA39411CA2CEA /* AppKit.framework */ = {isa = PBXFileReference; lastKnownFileType = wrapper.framework; name = AppKit.framework; path = /System/Library/Frameworks/AppKit.framework; sourceTree = "<absolute>"; };
		29B97325FDCFA39411CA2CEA /* Foundation.framework */ = {isa = PBXFileReference; lastKnownFileType = wrapper.framework; name = Foundation.framework; path = /System/Library/Frameworks/Foundation.framework; sourceTree = "<absolute>"; };
		740BC7191B04DBFE00324CDD /* cpumeter.xcconfig */ = {isa = PBXFileReference; fileEncoding = 4; lastKnownFileType = text.xcconfig; path = cpumeter.xcconfig; sourceTree = "<group>"; };
		74203A0C1B16ADC20087E214 /* Cpumeter_Prefix.pch */ = {isa = PBXFileReference; fileEncoding = 4; lastKnownFileType = sourcecode.c.h; path = Cpumeter_Prefix.pch; sourceTree = "<group>"; };
		74203A0D1B16ADC20087E214 /* CpumeterDelegate.h */ = {isa = PBXFileReference; fileEncoding = 4; lastKnownFileType = sourcecode.c.h; path = CpumeterDelegate.h; sourceTree = "<group>"; };
		74203A0E1B16ADC20087E214 /* CpumeterDelegate.m */ = {isa = PBXFileReference; fileEncoding = 4; lastKnownFileType = sourcecode.c.objc; path = CpumeterDelegate.m; sourceTree = "<group>"; };
		74203A0F1B16ADC20087E214 /* CpumeterUpdater.h */ = {isa = PBXFileReference; fileEncoding = 4; lastKnownFileType = sourcecode.c.h; path = CpumeterUpdater.h; sourceTree = "<group>"; };
		74203A101B16ADC20087E214 /* CpumeterUpdater.m */ = {isa = PBXFileReference; fileEncoding = 4; lastKnownFileType = sourcecode.c.objc; path = CpumeterUpdater.m; sourceTree = "<group>"; };
		74203A111B16ADC20087E214 /* main.m */ = {isa = PBXFileReference; fileEncoding = 4; lastKnownFileType = sourcecode.c.objc; path = main.m; sourceTree = "<group>"; };
		74203A171B16ADD10087E214 /* en */ = {isa = PBXFileReference; lastKnownFileType = text.plist.strings; name = en; path = en.lproj/InfoPlist.strings; sourceTree = "<group>"; };
		74203A191B16ADD10087E214 /* en */ = {isa = PBXFileReference; lastKnownFileType = file.xib; name = en; path = en.lproj/MainMenu.xib; sourceTree = "<group>"; };
		74203A1C1B16ADD20087E214 /* ja */ = {isa = PBXFileReference; lastKnownFileType = text.plist.strings; name = ja; path = ja.lproj/InfoPlist.strings; sourceTree = "<group>"; };
		74203A1D1B16ADD20087E214 /* ja */ = {isa = PBXFileReference; lastKnownFileType = file.xib; name = ja; path = ja.lproj/MainMenu.xib; sourceTree = "<group>"; };
		7494969C1B17509D00AA9C78 /* Cpumeter-Info.plist */ = {isa = PBXFileReference; fileEncoding = 4; lastKnownFileType = text.plist.xml; path = "Cpumeter-Info.plist"; sourceTree = "<group>"; };
		74A1145D1B1C20F7008193B1 /* icon.icns */ = {isa = PBXFileReference; lastKnownFileType = image.icns; path = icon.icns; sourceTree = "<group>"; };
		8D1107320486CEB800E47090 /* cpumeterDebug.app */ = {isa = PBXFileReference; explicitFileType = wrapper.application; includeInIndex = 0; path = cpumeterDebug.app; sourceTree = BUILT_PRODUCTS_DIR; };
/* End PBXFileReference section */

/* Begin PBXFrameworksBuildPhase section */
		8D11072E0486CEB800E47090 /* Frameworks */ = {
			isa = PBXFrameworksBuildPhase;
			buildActionMask = 2147483647;
			files = (
				8D11072F0486CEB800E47090 /* Cocoa.framework in Frameworks */,
			);
			runOnlyForDeploymentPostprocessing = 0;
		};
/* End PBXFrameworksBuildPhase section */

/* Begin PBXGroup section */
		1058C7A0FEA54F0111CA2CBB /* Linked Frameworks */ = {
			isa = PBXGroup;
			children = (
				1058C7A1FEA54F0111CA2CBB /* Cocoa.framework */,
			);
			name = "Linked Frameworks";
			sourceTree = "<group>";
		};
		1058C7A2FEA54F0111CA2CBB /* Other Frameworks */ = {
			isa = PBXGroup;
			children = (
				29B97324FDCFA39411CA2CEA /* AppKit.framework */,
				13E42FB307B3F0F600E4EEF1 /* CoreData.framework */,
				29B97325FDCFA39411CA2CEA /* Foundation.framework */,
			);
			name = "Other Frameworks";
			sourceTree = "<group>";
		};
		19C28FACFE9D520D11CA2CBB /* Products */ = {
			isa = PBXGroup;
			children = (
				8D1107320486CEB800E47090 /* cpumeterDebug.app */,
			);
			name = Products;
			sourceTree = "<group>";
		};
		29B97314FDCFA39411CA2CEA /* Cpumeter */ = {
			isa = PBXGroup;
			children = (
				740BC7191B04DBFE00324CDD /* cpumeter.xcconfig */,
				74203A151B16ADD10087E214 /* res */,
				74203A0B1B16ADC20087E214 /* src */,
				29B97323FDCFA39411CA2CEA /* Frameworks */,
				19C28FACFE9D520D11CA2CBB /* Products */,
			);
			indentWidth = 2;
			name = Cpumeter;
			sourceTree = "<group>";
			tabWidth = 2;
			usesTabs = 0;
		};
		29B97323FDCFA39411CA2CEA /* Frameworks */ = {
			isa = PBXGroup;
			children = (
				1058C7A0FEA54F0111CA2CBB /* Linked Frameworks */,
				1058C7A2FEA54F0111CA2CBB /* Other Frameworks */,
			);
			name = Frameworks;
			sourceTree = "<group>";
		};
		74203A0B1B16ADC20087E214 /* src */ = {
			isa = PBXGroup;
			children = (
				74203A0C1B16ADC20087E214 /* Cpumeter_Prefix.pch */,
				74203A0D1B16ADC20087E214 /* CpumeterDelegate.h */,
				74203A0E1B16ADC20087E214 /* CpumeterDelegate.m */,
				74203A0F1B16ADC20087E214 /* CpumeterUpdater.h */,
				74203A101B16ADC20087E214 /* CpumeterUpdater.m */,
				74203A111B16ADC20087E214 /* main.m */,
			);
			path = src;
			sourceTree = "<group>";
		};
		74203A151B16ADD10087E214 /* res */ = {
			isa = PBXGroup;
			children = (
				7494969C1B17509D00AA9C78 /* Cpumeter-Info.plist */,
				74203A161B16ADD10087E214 /* InfoPlist.strings */,
				74203A181B16ADD10087E214 /* MainMenu.xib */,
				74A1145D1B1C20F7008193B1 /* icon.icns */,
			);
			path = res;
			sourceTree = SOURCE_ROOT;
		};
/* End PBXGroup section */

/* Begin PBXNativeTarget section */
		8D1107260486CEB800E47090 /* cpumeter */ = {
			isa = PBXNativeTarget;
			buildConfigurationList = C01FCF4A08A954540054247B /* Build configuration list for PBXNativeTarget "cpumeter" */;
			buildPhases = (
				8D1107290486CEB800E47090 /* Resources */,
				8D11072C0486CEB800E47090 /* Sources */,
				8D11072E0486CEB800E47090 /* Frameworks */,
				740BC71B1B04DD8700324CDD /* Add Build Number */,
				74CA32CA1B04EA420041B546 /* ShellScript */,
			);
			buildRules = (
			);
			dependencies = (
			);
			name = cpumeter;
			productInstallPath = "$(HOME)/Applications";
			productName = Cpumeter;
			productReference = 8D1107320486CEB800E47090 /* cpumeterDebug.app */;
			productType = "com.apple.product-type.application";
		};
/* End PBXNativeTarget section */

/* Begin PBXProject section */
		29B97313FDCFA39411CA2CEA /* Project object */ = {
			isa = PBXProject;
			attributes = {
				LastUpgradeCheck = 0630;
				ORGANIZATIONNAME = fata.io;
				TargetAttributes = {
					8D1107260486CEB800E47090 = {
						DevelopmentTeam = P3JLAZHD9B;
					};
				};
			};
			buildConfigurationList = C01FCF4E08A954540054247B /* Build configuration list for PBXProject "cpumeter" */;
			compatibilityVersion = "Xcode 6.3";
			developmentRegion = English;
			hasScannedForEncodings = 1;
			knownRegions = (
				English,
				Japanese,
				French,
				German,
				ja,
				en,
			);
			mainGroup = 29B97314FDCFA39411CA2CEA /* Cpumeter */;
			projectDirPath = "";
			projectRoot = "";
			targets = (
				8D1107260486CEB800E47090 /* cpumeter */,
			);
		};
/* End PBXProject section */

/* Begin PBXResourcesBuildPhase section */
		8D1107290486CEB800E47090 /* Resources */ = {
			isa = PBXResourcesBuildPhase;
			buildActionMask = 2147483647;
			files = (
				74A1145E1B1C20F7008193B1 /* icon.icns in Resources */,
				74203A1F1B16ADD20087E214 /* MainMenu.xib in Resources */,
				74203A1E1B16ADD20087E214 /* InfoPlist.strings in Resources */,
			);
			runOnlyForDeploymentPostprocessing = 0;
		};
/* End PBXResourcesBuildPhase section */

/* Begin PBXShellScriptBuildPhase section */
		740BC71B1B04DD8700324CDD /* Add Build Number */ = {
			isa = PBXShellScriptBuildPhase;
			buildActionMask = 2147483647;
			files = (
			);
			inputPaths = (
			);
			name = "Add Build Number";
			outputPaths = (
			);
			runOnlyForDeploymentPostprocessing = 0;
			shellPath = /bin/sh;
			shellScript = "buildNumber=$(/usr/libexec/PlistBuddy -c \"Print CFBundleVersion\" \"${PROJECT_PATH}/${INFOPLIST_FILE}\")\nbuildNumber=$(($buildNumber + 1))\n/usr/libexec/PlistBuddy -c \"Set :CFBundleVersion $buildNumber\" \"${PROJECT_PATH}/${INFOPLIST_FILE}\"";
			showEnvVarsInLog = 0;
		};
		74CA32CA1B04EA420041B546 /* ShellScript */ = {
			isa = PBXShellScriptBuildPhase;
			buildActionMask = 2147483647;
			files = (
			);
			inputPaths = (
			);
			outputPaths = (
			);
			runOnlyForDeploymentPostprocessing = 0;
			shellPath = /bin/sh;
			shellScript = "CFBundleShortVersionString=$(/usr/libexec/PlistBuddy -c \"Print CFBundleShortVersionString\" \"${PROJECT_PATH}/${INFOPLIST_FILE}\")\nCFBundleIdentifier=$(/usr/libexec/PlistBuddy -c \"Print CFBundleIdentifier\" \"${PROJECT_PATH}/${INFOPLIST_FILE}\")\npkgbuild \\\n--root \"${TARGET_BUILD_DIR}\" \\\n--install-location \"/Applications\" \\\n--identifier \"$CFBundleIdentifier\" \\\n--version \"$CFBundleShortVersionString\" \\\n\"${DIST_DIR}/${PRODUCT_NAME}.pkg\"";
		};
/* End PBXShellScriptBuildPhase section */

/* Begin PBXSourcesBuildPhase section */
		8D11072C0486CEB800E47090 /* Sources */ = {
			isa = PBXSourcesBuildPhase;
			buildActionMask = 2147483647;
			files = (
				74203A131B16ADC20087E214 /* CpumeterUpdater.m in Sources */,
				74203A141B16ADC20087E214 /* main.m in Sources */,
				74203A121B16ADC20087E214 /* CpumeterDelegate.m in Sources */,
			);
			runOnlyForDeploymentPostprocessing = 0;
		};
/* End PBXSourcesBuildPhase section */

/* Begin PBXVariantGroup section */
		74203A161B16ADD10087E214 /* InfoPlist.strings */ = {
			isa = PBXVariantGroup;
			children = (
				74203A171B16ADD10087E214 /* en */,
				74203A1C1B16ADD20087E214 /* ja */,
			);
			name = InfoPlist.strings;
			sourceTree = "<group>";
		};
		74203A181B16ADD10087E214 /* MainMenu.xib */ = {
			isa = PBXVariantGroup;
			children = (
				74203A191B16ADD10087E214 /* en */,
				74203A1D1B16ADD20087E214 /* ja */,
			);
			name = MainMenu.xib;
			sourceTree = "<group>";
		};
/* End PBXVariantGroup section */

/* Begin XCBuildConfiguration section */
		C01FCF4B08A954540054247B /* Debug */ = {
			isa = XCBuildConfiguration;
			baseConfigurationReference = 740BC7191B04DBFE00324CDD /* cpumeter.xcconfig */;
			buildSettings = {
				ALWAYS_SEARCH_USER_PATHS = NO;
				ASSETCATALOG_COMPILER_APPICON_NAME = AppIcon;
				CODE_SIGN_IDENTITY = "";
				"CODE_SIGN_IDENTITY[sdk=macosx*]" = "";
				COMBINE_HIDPI_IMAGES = YES;
				COPY_PHASE_STRIP = NO;
				DEBUG_INFORMATION_FORMAT = dwarf;
				GCC_DYNAMIC_NO_PIC = NO;
				GCC_MODEL_TUNING = G5;
				GCC_OPTIMIZATION_LEVEL = 0;
				GCC_PRECOMPILE_PREFIX_HEADER = YES;
				GCC_PREFIX_HEADER = src/Cpumeter_Prefix.pch;
				INFOPLIST_FILE = "$(SRCROOT)/res/Cpumeter-Info.plist";
				INSTALL_PATH = "$(HOME)/Applications";
				MACOSX_DEPLOYMENT_TARGET = 10.8;
				PRODUCT_NAME = cpumeterDebug;
				PROVISIONING_PROFILE = "";
				SDKROOT = macosx;
			};
			name = Debug;
		};
		C01FCF4C08A954540054247B /* Release */ = {
			isa = XCBuildConfiguration;
			baseConfigurationReference = 740BC7191B04DBFE00324CDD /* cpumeter.xcconfig */;
			buildSettings = {
				ALWAYS_SEARCH_USER_PATHS = NO;
				ASSETCATALOG_COMPILER_APPICON_NAME = AppIcon;
				CODE_SIGN_IDENTITY = "";
				"CODE_SIGN_IDENTITY[sdk=macosx*]" = "";
				COMBINE_HIDPI_IMAGES = YES;
				COPY_PHASE_STRIP = NO;
				DEBUG_INFORMATION_FORMAT = dwarf;
				GCC_MODEL_TUNING = G5;
				GCC_PRECOMPILE_PREFIX_HEADER = YES;
				GCC_PREFIX_HEADER = src/Cpumeter_Prefix.pch;
				INFOPLIST_FILE = "$(SRCROOT)/res/Cpumeter-Info.plist";
				INSTALL_PATH = "$(HOME)/Applications";
				MACOSX_DEPLOYMENT_TARGET = 10.8;
				PRODUCT_NAME = cpumeter;
				PROVISIONING_PROFILE = "";
				SDKROOT = macosx;
			};
			name = Release;
		};
		C01FCF4F08A954540054247B /* Debug */ = {
			isa = XCBuildConfiguration;
			baseConfigurationReference = 740BC7191B04DBFE00324CDD /* cpumeter.xcconfig */;
			buildSettings = {
				CODE_SIGN_IDENTITY = "";
				GCC_C_LANGUAGE_STANDARD = gnu99;
				GCC_OPTIMIZATION_LEVEL = 0;
				GCC_WARN_ABOUT_RETURN_TYPE = YES;
				GCC_WARN_UNUSED_VARIABLE = YES;
				INFOPLIST_FILE = "";
				MACOSX_DEPLOYMENT_TARGET = 10.8;
				ONLY_ACTIVE_ARCH = YES;
				PROVISIONING_PROFILE = "";
				SDKROOT = macosx;
			};
			name = Debug;
		};
		C01FCF5008A954540054247B /* Release */ = {
			isa = XCBuildConfiguration;
			baseConfigurationReference = 740BC7191B04DBFE00324CDD /* cpumeter.xcconfig */;
			buildSettings = {
				CODE_SIGN_IDENTITY = "";
				GCC_C_LANGUAGE_STANDARD = gnu99;
				GCC_WARN_ABOUT_RETURN_TYPE = YES;
				GCC_WARN_UNUSED_VARIABLE = YES;
				INFOPLIST_FILE = "";
				MACOSX_DEPLOYMENT_TARGET = 10.8;
				PROVISIONING_PROFILE = "";
				SDKROOT = macosx;
			};
			name = Release;
		};
/* End XCBuildConfiguration section */

/* Begin XCConfigurationList section */
		C01FCF4A08A954540054247B /* Build configuration list for PBXNativeTarget "cpumeter" */ = {
			isa = XCConfigurationList;
			buildConfigurations = (
				C01FCF4B08A954540054247B /* Debug */,
				C01FCF4C08A954540054247B /* Release */,
			);
			defaultConfigurationIsVisible = 0;
			defaultConfigurationName = Release;
		};
		C01FCF4E08A954540054247B /* Build configuration list for PBXProject "cpumeter" */ = {
			isa = XCConfigurationList;
			buildConfigurations = (
				C01FCF4F08A954540054247B /* Debug */,
				C01FCF5008A954540054247B /* Release */,
			);
			defaultConfigurationIsVisible = 0;
			defaultConfigurationName = Release;
		};
/* End XCConfigurationList section */
	};
	rootObject = 29B97313FDCFA39411CA2CEA /* Project object */;
}
