// !$*UTF8*$!
{
	archiveVersion = 1;
	classes = {
	};
	objectVersion = 47;
	objects = {

/* Begin PBXBuildFile section */
		256AC3DA0F4B6AC300CF3369 /* CpumeterDelegate.m in Sources */ = {isa = PBXBuildFile; fileRef = 256AC3D90F4B6AC300CF3369 /* CpumeterDelegate.m */; };
		744EADB9156B760A00C21C02 /* CpumeterUpdater.m in Sources */ = {isa = PBXBuildFile; fileRef = 744EADB8156B760A00C21C02 /* CpumeterUpdater.m */; };
		7464C38F1AF38BDF004BA98F /* InfoPlist.strings in Resources */ = {isa = PBXBuildFile; fileRef = 7464C3841AF38BDF004BA98F /* InfoPlist.strings */; };
		7464C3901AF38BDF004BA98F /* MainMenu.xib in Resources */ = {isa = PBXBuildFile; fileRef = 7464C3861AF38BDF004BA98F /* MainMenu.xib */; };
		74A69D991AF38E4700EE522B /* Images.xcassets in Resources */ = {isa = PBXBuildFile; fileRef = 74A69D981AF38E4700EE522B /* Images.xcassets */; };
		8D11072D0486CEB800E47090 /* main.m in Sources */ = {isa = PBXBuildFile; fileRef = 29B97316FDCFA39411CA2CEA /* main.m */; settings = {ATTRIBUTES = (); }; };
		8D11072F0486CEB800E47090 /* Cocoa.framework in Frameworks */ = {isa = PBXBuildFile; fileRef = 1058C7A1FEA54F0111CA2CBB /* Cocoa.framework */; };
/* End PBXBuildFile section */

/* Begin PBXFileReference section */
		1058C7A1FEA54F0111CA2CBB /* Cocoa.framework */ = {isa = PBXFileReference; lastKnownFileType = wrapper.framework; name = Cocoa.framework; path = /System/Library/Frameworks/Cocoa.framework; sourceTree = "<absolute>"; };
		13E42FB307B3F0F600E4EEF1 /* CoreData.framework */ = {isa = PBXFileReference; lastKnownFileType = wrapper.framework; name = CoreData.framework; path = /System/Library/Frameworks/CoreData.framework; sourceTree = "<absolute>"; };
		256AC3D80F4B6AC300CF3369 /* CpumeterDelegate.h */ = {isa = PBXFileReference; fileEncoding = 4; lastKnownFileType = sourcecode.c.h; path = CpumeterDelegate.h; sourceTree = "<group>"; };
		256AC3D90F4B6AC300CF3369 /* CpumeterDelegate.m */ = {isa = PBXFileReference; fileEncoding = 4; lastKnownFileType = sourcecode.c.objc; path = CpumeterDelegate.m; sourceTree = "<group>"; };
		256AC3F00F4B6AF500CF3369 /* Cpumeter_Prefix.pch */ = {isa = PBXFileReference; fileEncoding = 4; lastKnownFileType = sourcecode.c.h; path = Cpumeter_Prefix.pch; sourceTree = "<group>"; };
		29B97316FDCFA39411CA2CEA /* main.m */ = {isa = PBXFileReference; fileEncoding = 4; lastKnownFileType = sourcecode.c.objc; path = main.m; sourceTree = "<group>"; };
		29B97324FDCFA39411CA2CEA /* AppKit.framework */ = {isa = PBXFileReference; lastKnownFileType = wrapper.framework; name = AppKit.framework; path = /System/Library/Frameworks/AppKit.framework; sourceTree = "<absolute>"; };
		29B97325FDCFA39411CA2CEA /* Foundation.framework */ = {isa = PBXFileReference; lastKnownFileType = wrapper.framework; name = Foundation.framework; path = /System/Library/Frameworks/Foundation.framework; sourceTree = "<absolute>"; };
		740BC7191B04DBFE00324CDD /* cpumeter.xcconfig */ = {isa = PBXFileReference; fileEncoding = 4; lastKnownFileType = text.xcconfig; path = cpumeter.xcconfig; sourceTree = "<group>"; };
		740BC71D1B04DEE800324CDD /* Cpumeter-Info.plist */ = {isa = PBXFileReference; fileEncoding = 4; lastKnownFileType = text.plist.xml; path = "Cpumeter-Info.plist"; sourceTree = "<group>"; };
		744EADB7156B760A00C21C02 /* CpumeterUpdater.h */ = {isa = PBXFileReference; fileEncoding = 4; lastKnownFileType = sourcecode.c.h; path = CpumeterUpdater.h; sourceTree = "<group>"; };
		744EADB8156B760A00C21C02 /* CpumeterUpdater.m */ = {isa = PBXFileReference; fileEncoding = 4; indentWidth = 4; lastKnownFileType = sourcecode.c.objc; path = CpumeterUpdater.m; sourceTree = "<group>"; tabWidth = 4; };
		7464C3851AF38BDF004BA98F /* English */ = {isa = PBXFileReference; lastKnownFileType = text.plist.strings; name = English; path = InfoPlist.strings; sourceTree = "<group>"; };
		7464C3871AF38BDF004BA98F /* English */ = {isa = PBXFileReference; lastKnownFileType = file.xib; name = English; path = MainMenu.xib; sourceTree = "<group>"; };
		7464C3981AF38C4B004BA98F /* ja */ = {isa = PBXFileReference; lastKnownFileType = text.plist.strings; name = ja; path = InfoPlist.strings; sourceTree = "<group>"; };
		7464C39A1AF38C4B004BA98F /* ja */ = {isa = PBXFileReference; lastKnownFileType = file.xib; name = ja; path = MainMenu.xib; sourceTree = "<group>"; };
		74A69D981AF38E4700EE522B /* Images.xcassets */ = {isa = PBXFileReference; lastKnownFileType = folder.assetcatalog; path = Images.xcassets; sourceTree = "<group>"; };
		74BDDAFE1AF37F2100512344 /* icon.svg */ = {isa = PBXFileReference; lastKnownFileType = text.xml; path = icon.svg; sourceTree = "<group>"; };
		8D1107320486CEB800E47090 /* cpumeterDebug.app */ = {isa = PBXFileReference; explicitFileType = wrapper.application; includeInIndex = 0; path = cpumeterDebug.app; sourceTree = BUILT_PRODUCTS_DIR; };
/* End PBXFileReference section */

/* Begin PBXFrameworksBuildPhase section */
		8D11072E0486CEB800E47090 /* Frameworks */ = {
			isa = PBXFrameworksBuildPhase;
			buildActionMask = 2147483647;
			files = (
				8D11072F0486CEB800E47090 /* Cocoa.framework in Frameworks */,
			);
			runOnlyForDeploymentPostprocessing = 0;
		};
/* End PBXFrameworksBuildPhase section */

/* Begin PBXGroup section */
		080E96DDFE201D6D7F000001 /* Classes */ = {
			isa = PBXGroup;
			children = (
				744EADB7156B760A00C21C02 /* CpumeterUpdater.h */,
				744EADB8156B760A00C21C02 /* CpumeterUpdater.m */,
				256AC3D80F4B6AC300CF3369 /* CpumeterDelegate.h */,
				256AC3D90F4B6AC300CF3369 /* CpumeterDelegate.m */,
			);
			name = Classes;
			sourceTree = "<group>";
		};
		1058C7A0FEA54F0111CA2CBB /* Linked Frameworks */ = {
			isa = PBXGroup;
			children = (
				1058C7A1FEA54F0111CA2CBB /* Cocoa.framework */,
			);
			name = "Linked Frameworks";
			sourceTree = "<group>";
		};
		1058C7A2FEA54F0111CA2CBB /* Other Frameworks */ = {
			isa = PBXGroup;
			children = (
				29B97324FDCFA39411CA2CEA /* AppKit.framework */,
				13E42FB307B3F0F600E4EEF1 /* CoreData.framework */,
				29B97325FDCFA39411CA2CEA /* Foundation.framework */,
			);
			name = "Other Frameworks";
			sourceTree = "<group>";
		};
		19C28FACFE9D520D11CA2CBB /* Products */ = {
			isa = PBXGroup;
			children = (
				8D1107320486CEB800E47090 /* cpumeterDebug.app */,
			);
			name = Products;
			sourceTree = "<group>";
		};
		29B97314FDCFA39411CA2CEA /* Cpumeter */ = {
			isa = PBXGroup;
			children = (
				080E96DDFE201D6D7F000001 /* Classes */,
				29B97315FDCFA39411CA2CEA /* Other Sources */,
				29B97317FDCFA39411CA2CEA /* Resources */,
				29B97323FDCFA39411CA2CEA /* Frameworks */,
				19C28FACFE9D520D11CA2CBB /* Products */,
			);
			indentWidth = 2;
			name = Cpumeter;
			sourceTree = "<group>";
			tabWidth = 2;
			usesTabs = 0;
		};
		29B97315FDCFA39411CA2CEA /* Other Sources */ = {
			isa = PBXGroup;
			children = (
				256AC3F00F4B6AF500CF3369 /* Cpumeter_Prefix.pch */,
				29B97316FDCFA39411CA2CEA /* main.m */,
			);
			name = "Other Sources";
			sourceTree = "<group>";
		};
		29B97317FDCFA39411CA2CEA /* Resources */ = {
			isa = PBXGroup;
			children = (
				740BC71D1B04DEE800324CDD /* Cpumeter-Info.plist */,
				740BC7191B04DBFE00324CDD /* cpumeter.xcconfig */,
				74A69D981AF38E4700EE522B /* Images.xcassets */,
				74BDDAFE1AF37F2100512344 /* icon.svg */,
				7464C3941AF38C4B004BA98F /* ja.lproj */,
				7464C3831AF38BDF004BA98F /* en.lproj */,
			);
			name = Resources;
			sourceTree = "<group>";
		};
		29B97323FDCFA39411CA2CEA /* Frameworks */ = {
			isa = PBXGroup;
			children = (
				1058C7A0FEA54F0111CA2CBB /* Linked Frameworks */,
				1058C7A2FEA54F0111CA2CBB /* Other Frameworks */,
			);
			name = Frameworks;
			sourceTree = "<group>";
		};
		7464C3831AF38BDF004BA98F /* en.lproj */ = {
			isa = PBXGroup;
			children = (
				7464C3841AF38BDF004BA98F /* InfoPlist.strings */,
				7464C3861AF38BDF004BA98F /* MainMenu.xib */,
			);
			path = en.lproj;
			sourceTree = "<group>";
		};
		7464C3941AF38C4B004BA98F /* ja.lproj */ = {
			isa = PBXGroup;
			children = (
				7464C3971AF38C4B004BA98F /* InfoPlist.strings */,
				7464C3991AF38C4B004BA98F /* MainMenu.xib */,
			);
			path = ja.lproj;
			sourceTree = "<group>";
		};
/* End PBXGroup section */

/* Begin PBXNativeTarget section */
		8D1107260486CEB800E47090 /* cpumeter */ = {
			isa = PBXNativeTarget;
			buildConfigurationList = C01FCF4A08A954540054247B /* Build configuration list for PBXNativeTarget "cpumeter" */;
			buildPhases = (
				8D1107290486CEB800E47090 /* Resources */,
				8D11072C0486CEB800E47090 /* Sources */,
				8D11072E0486CEB800E47090 /* Frameworks */,
				740BC71B1B04DD8700324CDD /* Add Build Number */,
				74CA32CA1B04EA420041B546 /* ShellScript */,
			);
			buildRules = (
			);
			dependencies = (
			);
			name = cpumeter;
			productInstallPath = "$(HOME)/Applications";
			productName = Cpumeter;
			productReference = 8D1107320486CEB800E47090 /* cpumeterDebug.app */;
			productType = "com.apple.product-type.application";
		};
/* End PBXNativeTarget section */

/* Begin PBXProject section */
		29B97313FDCFA39411CA2CEA /* Project object */ = {
			isa = PBXProject;
			attributes = {
				LastUpgradeCheck = 0630;
				ORGANIZATIONNAME = fata.io;
				TargetAttributes = {
					8D1107260486CEB800E47090 = {
						DevelopmentTeam = P3JLAZHD9B;
					};
				};
			};
			buildConfigurationList = C01FCF4E08A954540054247B /* Build configuration list for PBXProject "cpumeter" */;
			compatibilityVersion = "Xcode 6.3";
			developmentRegion = English;
			hasScannedForEncodings = 1;
			knownRegions = (
				English,
				Japanese,
				French,
				German,
				ja,
				en,
			);
			mainGroup = 29B97314FDCFA39411CA2CEA /* Cpumeter */;
			projectDirPath = "";
			projectRoot = "";
			targets = (
				8D1107260486CEB800E47090 /* cpumeter */,
			);
		};
/* End PBXProject section */

/* Begin PBXResourcesBuildPhase section */
		8D1107290486CEB800E47090 /* Resources */ = {
			isa = PBXResourcesBuildPhase;
			buildActionMask = 2147483647;
			files = (
				74A69D991AF38E4700EE522B /* Images.xcassets in Resources */,
				7464C3901AF38BDF004BA98F /* MainMenu.xib in Resources */,
				7464C38F1AF38BDF004BA98F /* InfoPlist.strings in Resources */,
			);
			runOnlyForDeploymentPostprocessing = 0;
		};
/* End PBXResourcesBuildPhase section */

/* Begin PBXShellScriptBuildPhase section */
		740BC71B1B04DD8700324CDD /* Add Build Number */ = {
			isa = PBXShellScriptBuildPhase;
			buildActionMask = 2147483647;
			files = (
			);
			inputPaths = (
			);
			name = "Add Build Number";
			outputPaths = (
			);
			runOnlyForDeploymentPostprocessing = 0;
			shellPath = /bin/sh;
			shellScript = "buildNumber=$(/usr/libexec/PlistBuddy -c \"Print CFBundleVersion\" \"${PROJECT_PATH}/${INFOPLIST_FILE}\")\nbuildNumber=$(($buildNumber + 1))\n/usr/libexec/PlistBuddy -c \"Set :CFBundleVersion $buildNumber\" \"${PROJECT_PATH}/${INFOPLIST_FILE}\"";
			showEnvVarsInLog = 0;
		};
		74CA32CA1B04EA420041B546 /* ShellScript */ = {
			isa = PBXShellScriptBuildPhase;
			buildActionMask = 2147483647;
			files = (
			);
			inputPaths = (
			);
			outputPaths = (
			);
			runOnlyForDeploymentPostprocessing = 0;
			shellPath = /bin/sh;
			shellScript = "CFBundleShortVersionString=$(/usr/libexec/PlistBuddy -c \"Print CFBundleShortVersionString\" \"${PROJECT_PATH}/${INFOPLIST_FILE}\")\nCFBundleIdentifier=$(/usr/libexec/PlistBuddy -c \"Print CFBundleIdentifier\" \"${PROJECT_PATH}/${INFOPLIST_FILE}\")\npkgbuild \\\n--root \"${TARGET_BUILD_DIR}\" \\\n--install-location \"/Applications\" \\\n--identifier \"$CFBundleIdentifier\" \\\n--version \"$CFBundleShortVersionString\" \\\n\"${DIST_DIR}/${PRODUCT_NAME}-$CFBundleShortVersionString.pkg\"";
		};
/* End PBXShellScriptBuildPhase section */

/* Begin PBXSourcesBuildPhase section */
		8D11072C0486CEB800E47090 /* Sources */ = {
			isa = PBXSourcesBuildPhase;
			buildActionMask = 2147483647;
			files = (
				8D11072D0486CEB800E47090 /* main.m in Sources */,
				256AC3DA0F4B6AC300CF3369 /* CpumeterDelegate.m in Sources */,
				744EADB9156B760A00C21C02 /* CpumeterUpdater.m in Sources */,
			);
			runOnlyForDeploymentPostprocessing = 0;
		};
/* End PBXSourcesBuildPhase section */

/* Begin PBXVariantGroup section */
		7464C3841AF38BDF004BA98F /* InfoPlist.strings */ = {
			isa = PBXVariantGroup;
			children = (
				7464C3851AF38BDF004BA98F /* English */,
			);
			name = InfoPlist.strings;
			sourceTree = "<group>";
		};
		7464C3861AF38BDF004BA98F /* MainMenu.xib */ = {
			isa = PBXVariantGroup;
			children = (
				7464C3871AF38BDF004BA98F /* English */,
			);
			name = MainMenu.xib;
			sourceTree = "<group>";
		};
		7464C3971AF38C4B004BA98F /* InfoPlist.strings */ = {
			isa = PBXVariantGroup;
			children = (
				7464C3981AF38C4B004BA98F /* ja */,
			);
			name = InfoPlist.strings;
			sourceTree = "<group>";
		};
		7464C3991AF38C4B004BA98F /* MainMenu.xib */ = {
			isa = PBXVariantGroup;
			children = (
				7464C39A1AF38C4B004BA98F /* ja */,
			);
			name = MainMenu.xib;
			sourceTree = "<group>";
		};
/* End PBXVariantGroup section */

/* Begin XCBuildConfiguration section */
		746F92491B04DABB008D7D2F /* Distribute */ = {
			isa = XCBuildConfiguration;
			baseConfigurationReference = 740BC7191B04DBFE00324CDD /* cpumeter.xcconfig */;
			buildSettings = {
				CODE_SIGN_IDENTITY = "";
				GCC_C_LANGUAGE_STANDARD = gnu99;
				GCC_WARN_ABOUT_RETURN_TYPE = YES;
				GCC_WARN_UNUSED_VARIABLE = YES;
				INFOPLIST_FILE = "";
				MACOSX_DEPLOYMENT_TARGET = 10.8;
				PROVISIONING_PROFILE = "";
				SDKROOT = macosx;
			};
			name = Distribute;
		};
		746F924A1B04DABB008D7D2F /* Distribute */ = {
			isa = XCBuildConfiguration;
			baseConfigurationReference = 740BC7191B04DBFE00324CDD /* cpumeter.xcconfig */;
			buildSettings = {
				ALWAYS_SEARCH_USER_PATHS = NO;
				ASSETCATALOG_COMPILER_APPICON_NAME = AppIcon;
				CODE_SIGN_IDENTITY = "";
				"CODE_SIGN_IDENTITY[sdk=macosx*]" = "";
				COMBINE_HIDPI_IMAGES = YES;
				COPY_PHASE_STRIP = YES;
				DEBUG_INFORMATION_FORMAT = "dwarf-with-dsym";
				GCC_MODEL_TUNING = G5;
				GCC_PRECOMPILE_PREFIX_HEADER = YES;
				GCC_PREFIX_HEADER = Cpumeter_Prefix.pch;
				INFOPLIST_FILE = "$(SRCROOT)/Cpumeter-Info.plist";
				INSTALL_PATH = "$(HOME)/Applications";
				MACOSX_DEPLOYMENT_TARGET = 10.8;
				PRODUCT_NAME = cpumeter;
				PROVISIONING_PROFILE = "";
				SDKROOT = macosx;
			};
			name = Distribute;
		};
		C01FCF4B08A954540054247B /* Debug */ = {
			isa = XCBuildConfiguration;
			baseConfigurationReference = 740BC7191B04DBFE00324CDD /* cpumeter.xcconfig */;
			buildSettings = {
				ALWAYS_SEARCH_USER_PATHS = NO;
				ASSETCATALOG_COMPILER_APPICON_NAME = AppIcon;
				CODE_SIGN_IDENTITY = "";
				"CODE_SIGN_IDENTITY[sdk=macosx*]" = "";
				COMBINE_HIDPI_IMAGES = YES;
				COPY_PHASE_STRIP = NO;
				GCC_DYNAMIC_NO_PIC = NO;
				GCC_MODEL_TUNING = G5;
				GCC_OPTIMIZATION_LEVEL = 0;
				GCC_PRECOMPILE_PREFIX_HEADER = YES;
				GCC_PREFIX_HEADER = Cpumeter_Prefix.pch;
				INFOPLIST_FILE = "$(SRCROOT)/Cpumeter-Info.plist";
				INSTALL_PATH = "$(HOME)/Applications";
				MACOSX_DEPLOYMENT_TARGET = 10.8;
				PRODUCT_NAME = cpumeterDebug;
				PROVISIONING_PROFILE = "";
				SDKROOT = macosx;
			};
			name = Debug;
		};
		C01FCF4C08A954540054247B /* Release */ = {
			isa = XCBuildConfiguration;
			baseConfigurationReference = 740BC7191B04DBFE00324CDD /* cpumeter.xcconfig */;
			buildSettings = {
				ALWAYS_SEARCH_USER_PATHS = NO;
				ASSETCATALOG_COMPILER_APPICON_NAME = AppIcon;
				CODE_SIGN_IDENTITY = "";
				"CODE_SIGN_IDENTITY[sdk=macosx*]" = "";
				COMBINE_HIDPI_IMAGES = YES;
				COPY_PHASE_STRIP = NO;
				DEBUG_INFORMATION_FORMAT = "dwarf-with-dsym";
				GCC_MODEL_TUNING = G5;
				GCC_PRECOMPILE_PREFIX_HEADER = YES;
				GCC_PREFIX_HEADER = Cpumeter_Prefix.pch;
				INFOPLIST_FILE = "$(SRCROOT)/Cpumeter-Info.plist";
				INSTALL_PATH = "$(HOME)/Applications";
				MACOSX_DEPLOYMENT_TARGET = 10.8;
				PRODUCT_NAME = cpumeter;
				PROVISIONING_PROFILE = "";
				SDKROOT = macosx;
			};
			name = Release;
		};
		C01FCF4F08A954540054247B /* Debug */ = {
			isa = XCBuildConfiguration;
			baseConfigurationReference = 740BC7191B04DBFE00324CDD /* cpumeter.xcconfig */;
			buildSettings = {
				CODE_SIGN_IDENTITY = "";
				GCC_C_LANGUAGE_STANDARD = gnu99;
				GCC_OPTIMIZATION_LEVEL = 0;
				GCC_WARN_ABOUT_RETURN_TYPE = YES;
				GCC_WARN_UNUSED_VARIABLE = YES;
				INFOPLIST_FILE = "";
				MACOSX_DEPLOYMENT_TARGET = 10.8;
				ONLY_ACTIVE_ARCH = YES;
				PROVISIONING_PROFILE = "";
				SDKROOT = macosx;
			};
			name = Debug;
		};
		C01FCF5008A954540054247B /* Release */ = {
			isa = XCBuildConfiguration;
			baseConfigurationReference = 740BC7191B04DBFE00324CDD /* cpumeter.xcconfig */;
			buildSettings = {
				CODE_SIGN_IDENTITY = "";
				GCC_C_LANGUAGE_STANDARD = gnu99;
				GCC_WARN_ABOUT_RETURN_TYPE = YES;
				GCC_WARN_UNUSED_VARIABLE = YES;
				INFOPLIST_FILE = "";
				MACOSX_DEPLOYMENT_TARGET = 10.8;
				PROVISIONING_PROFILE = "";
				SDKROOT = macosx;
			};
			name = Release;
		};
/* End XCBuildConfiguration section */

/* Begin XCConfigurationList section */
		C01FCF4A08A954540054247B /* Build configuration list for PBXNativeTarget "cpumeter" */ = {
			isa = XCConfigurationList;
			buildConfigurations = (
				C01FCF4B08A954540054247B /* Debug */,
				C01FCF4C08A954540054247B /* Release */,
				746F924A1B04DABB008D7D2F /* Distribute */,
			);
			defaultConfigurationIsVisible = 0;
			defaultConfigurationName = Release;
		};
		C01FCF4E08A954540054247B /* Build configuration list for PBXProject "cpumeter" */ = {
			isa = XCConfigurationList;
			buildConfigurations = (
				C01FCF4F08A954540054247B /* Debug */,
				C01FCF5008A954540054247B /* Release */,
				746F92491B04DABB008D7D2F /* Distribute */,
			);
			defaultConfigurationIsVisible = 0;
			defaultConfigurationName = Release;
		};
/* End XCConfigurationList section */
	};
	rootObject = 29B97313FDCFA39411CA2CEA /* Project object */;
}
